
Microsoft Visual Studio Solution File, Format Version 12.00
# Visual Studio Version 17
VisualStudioVersion = 17.12.35707.178
MinimumVisualStudioVersion = 10.0.40219.1
Project("{2150E333-8FDC-42A3-9474-1A3956D46DE8}") = "Services", "Services", "{2BC1C923-F02D-421A-8020-483938AD2BCE}"
EndProject
Project("{2150E333-8FDC-42A3-9474-1A3956D46DE8}") = "Catalog", "Catalog", "{A3F7A9C5-41D1-428D-B593-D0E6C76610D9}"
EndProject
Project("{FAE04EC0-301F-11D3-BF4B-00C04F79EFBC}") = "CatalogAPI", "Services\Catalog\CatalogAPI\CatalogAPI.csproj", "{7D504068-E382-45F6-BDA7-2EAD5F8E002F}"
EndProject
Project("{2150E333-8FDC-42A3-9474-1A3956D46DE8}") = "BuildingBlocks", "BuildingBlocks", "{526D708B-A18D-453B-B5D8-0AB640886C13}"
EndProject
Project("{FAE04EC0-301F-11D3-BF4B-00C04F79EFBC}") = "BuildingBlocks", "BuildingBlocks\BuildingBlocks\BuildingBlocks.csproj", "{A4D9F2A3-C55B-4E77-A805-8A50B6496C81}"
EndProject
Project("{E53339B2-1760-4266-BCC7-CA923CBCF16C}") = "docker-compose", "docker-compose.dcproj", "{2DF22B23-C12B-453C-8859-A72ACA4D7D5D}"
EndProject
Project("{2150E333-8FDC-42A3-9474-1A3956D46DE8}") = "Basket", "Basket", "{3BA58688-50D5-4AB0-9EE2-44DC619966F1}"
EndProject
Project("{FAE04EC0-301F-11D3-BF4B-00C04F79EFBC}") = "Basket.API", "Services\Basket\Basket.API\Basket.API.csproj", "{3527628C-A2EA-4397-9732-BE3AD831A60B}"
EndProject
Project("{2150E333-8FDC-42A3-9474-1A3956D46DE8}") = "Discount", "Discount", "{27679F37-E6AE-4444-AE8D-B42080EC43BA}"
EndProject
Project("{FAE04EC0-301F-11D3-BF4B-00C04F79EFBC}") = "Discount.Grpc", "Services\Discount\Discount.Grpc\Discount.Grpc.csproj", "{A1374238-A8B0-4C8F-A0F2-7CD754BB14E7}"
EndProject
Project("{2150E333-8FDC-42A3-9474-1A3956D46DE8}") = "Ordering", "Ordering", "{B105EEE6-D013-4951-9EAF-2FCCC83419A1}"
EndProject
Project("{FAE04EC0-301F-11D3-BF4B-00C04F79EFBC}") = "Ordering.API", "Services\Ordering\Ordering.API\Ordering.API.csproj", "{EE0B6DAC-0CA5-4082-9E8C-5BCC93B50420}"
EndProject
Project("{FAE04EC0-301F-11D3-BF4B-00C04F79EFBC}") = "Ordering.Domain", "Services\Ordering\Ordering.Domain\Ordering.Domain.csproj", "{F103EB86-6553-4F6F-892D-ADB74EB3876D}"
EndProject
Project("{FAE04EC0-301F-11D3-BF4B-00C04F79EFBC}") = "Ordering.Application", "Services\Ordering\Ordering.Application\Ordering.Application.csproj", "{DD7E5B52-1D7D-45AA-9F1F-473BC628E728}"
EndProject
Project("{FAE04EC0-301F-11D3-BF4B-00C04F79EFBC}") = "Ordering.Infrastructure", "Services\Ordering\Ordering.Infrastructure\Ordering.Infrastructure.csproj", "{471B12E0-F14C-425B-88C2-7CDC2479273A}"
EndProject
Project("{FAE04EC0-301F-11D3-BF4B-00C04F79EFBC}") = "BuildingBlocks.Messaging", "BuildingBlocks\BuildingBlocks.Messaging\BuildingBlocks.Messaging.csproj", "{66E1BC00-8484-47D4-9943-DED18D09CACA}"
EndProject
Global
	GlobalSection(SolutionConfigurationPlatforms) = preSolution
		Debug|Any CPU = Debug|Any CPU
		Release|Any CPU = Release|Any CPU
	EndGlobalSection
	GlobalSection(ProjectConfigurationPlatforms) = postSolution
		{7D504068-E382-45F6-BDA7-2EAD5F8E002F}.Debug|Any CPU.ActiveCfg = Debug|Any CPU
		{7D504068-E382-45F6-BDA7-2EAD5F8E002F}.Debug|Any CPU.Build.0 = Debug|Any CPU
		{7D504068-E382-45F6-BDA7-2EAD5F8E002F}.Release|Any CPU.ActiveCfg = Release|Any CPU
		{7D504068-E382-45F6-BDA7-2EAD5F8E002F}.Release|Any CPU.Build.0 = Release|Any CPU
		{A4D9F2A3-C55B-4E77-A805-8A50B6496C81}.Debug|Any CPU.ActiveCfg = Debug|Any CPU
		{A4D9F2A3-C55B-4E77-A805-8A50B6496C81}.Debug|Any CPU.Build.0 = Debug|Any CPU
		{A4D9F2A3-C55B-4E77-A805-8A50B6496C81}.Release|Any CPU.ActiveCfg = Release|Any CPU
		{A4D9F2A3-C55B-4E77-A805-8A50B6496C81}.Release|Any CPU.Build.0 = Release|Any CPU
		{2DF22B23-C12B-453C-8859-A72ACA4D7D5D}.Debug|Any CPU.ActiveCfg = Debug|Any CPU
		{2DF22B23-C12B-453C-8859-A72ACA4D7D5D}.Debug|Any CPU.Build.0 = Debug|Any CPU
		{2DF22B23-C12B-453C-8859-A72ACA4D7D5D}.Release|Any CPU.ActiveCfg = Release|Any CPU
		{2DF22B23-C12B-453C-8859-A72ACA4D7D5D}.Release|Any CPU.Build.0 = Release|Any CPU
		{3527628C-A2EA-4397-9732-BE3AD831A60B}.Debug|Any CPU.ActiveCfg = Debug|Any CPU
		{3527628C-A2EA-4397-9732-BE3AD831A60B}.Debug|Any CPU.Build.0 = Debug|Any CPU
		{3527628C-A2EA-4397-9732-BE3AD831A60B}.Release|Any CPU.ActiveCfg = Release|Any CPU
		{3527628C-A2EA-4397-9732-BE3AD831A60B}.Release|Any CPU.Build.0 = Release|Any CPU
		{A1374238-A8B0-4C8F-A0F2-7CD754BB14E7}.Debug|Any CPU.ActiveCfg = Debug|Any CPU
		{A1374238-A8B0-4C8F-A0F2-7CD754BB14E7}.Debug|Any CPU.Build.0 = Debug|Any CPU
		{A1374238-A8B0-4C8F-A0F2-7CD754BB14E7}.Release|Any CPU.ActiveCfg = Release|Any CPU
		{A1374238-A8B0-4C8F-A0F2-7CD754BB14E7}.Release|Any CPU.Build.0 = Release|Any CPU
		{EE0B6DAC-0CA5-4082-9E8C-5BCC93B50420}.Debug|Any CPU.ActiveCfg = Debug|Any CPU
		{EE0B6DAC-0CA5-4082-9E8C-5BCC93B50420}.Debug|Any CPU.Build.0 = Debug|Any CPU
		{EE0B6DAC-0CA5-4082-9E8C-5BCC93B50420}.Release|Any CPU.ActiveCfg = Release|Any CPU
		{EE0B6DAC-0CA5-4082-9E8C-5BCC93B50420}.Release|Any CPU.Build.0 = Release|Any CPU
		{F103EB86-6553-4F6F-892D-ADB74EB3876D}.Debug|Any CPU.ActiveCfg = Debug|Any CPU
		{F103EB86-6553-4F6F-892D-ADB74EB3876D}.Debug|Any CPU.Build.0 = Debug|Any CPU
		{F103EB86-6553-4F6F-892D-ADB74EB3876D}.Release|Any CPU.ActiveCfg = Release|Any CPU
		{F103EB86-6553-4F6F-892D-ADB74EB3876D}.Release|Any CPU.Build.0 = Release|Any CPU
		{DD7E5B52-1D7D-45AA-9F1F-473BC628E728}.Debug|Any CPU.ActiveCfg = Debug|Any CPU
		{DD7E5B52-1D7D-45AA-9F1F-473BC628E728}.Debug|Any CPU.Build.0 = Debug|Any CPU
		{DD7E5B52-1D7D-45AA-9F1F-473BC628E728}.Release|Any CPU.ActiveCfg = Release|Any CPU
		{DD7E5B52-1D7D-45AA-9F1F-473BC628E728}.Release|Any CPU.Build.0 = Release|Any CPU
		{471B12E0-F14C-425B-88C2-7CDC2479273A}.Debug|Any CPU.ActiveCfg = Debug|Any CPU
		{471B12E0-F14C-425B-88C2-7CDC2479273A}.Debug|Any CPU.Build.0 = Debug|Any CPU
		{471B12E0-F14C-425B-88C2-7CDC2479273A}.Release|Any CPU.ActiveCfg = Release|Any CPU
		{471B12E0-F14C-425B-88C2-7CDC2479273A}.Release|Any CPU.Build.0 = Release|Any CPU
		{66E1BC00-8484-47D4-9943-DED18D09CACA}.Debug|Any CPU.ActiveCfg = Debug|Any CPU
		{66E1BC00-8484-47D4-9943-DED18D09CACA}.Debug|Any CPU.Build.0 = Debug|Any CPU
		{66E1BC00-8484-47D4-9943-DED18D09CACA}.Release|Any CPU.ActiveCfg = Release|Any CPU
		{66E1BC00-8484-47D4-9943-DED18D09CACA}.Release|Any CPU.Build.0 = Release|Any CPU
	EndGlobalSection
	GlobalSection(SolutionProperties) = preSolution
		HideSolutionNode = FALSE
	EndGlobalSection
	GlobalSection(NestedProjects) = preSolution
		{A3F7A9C5-41D1-428D-B593-D0E6C76610D9} = {2BC1C923-F02D-421A-8020-483938AD2BCE}
		{7D504068-E382-45F6-BDA7-2EAD5F8E002F} = {A3F7A9C5-41D1-428D-B593-D0E6C76610D9}
		{A4D9F2A3-C55B-4E77-A805-8A50B6496C81} = {526D708B-A18D-453B-B5D8-0AB640886C13}
		{3BA58688-50D5-4AB0-9EE2-44DC619966F1} = {2BC1C923-F02D-421A-8020-483938AD2BCE}
		{3527628C-A2EA-4397-9732-BE3AD831A60B} = {3BA58688-50D5-4AB0-9EE2-44DC619966F1}
		{27679F37-E6AE-4444-AE8D-B42080EC43BA} = {2BC1C923-F02D-421A-8020-483938AD2BCE}
		{A1374238-A8B0-4C8F-A0F2-7CD754BB14E7} = {27679F37-E6AE-4444-AE8D-B42080EC43BA}
		{B105EEE6-D013-4951-9EAF-2FCCC83419A1} = {2BC1C923-F02D-421A-8020-483938AD2BCE}
		{EE0B6DAC-0CA5-4082-9E8C-5BCC93B50420} = {B105EEE6-D013-4951-9EAF-2FCCC83419A1}
		{F103EB86-6553-4F6F-892D-ADB74EB3876D} = {B105EEE6-D013-4951-9EAF-2FCCC83419A1}
		{DD7E5B52-1D7D-45AA-9F1F-473BC628E728} = {B105EEE6-D013-4951-9EAF-2FCCC83419A1}
		{471B12E0-F14C-425B-88C2-7CDC2479273A} = {B105EEE6-D013-4951-9EAF-2FCCC83419A1}
		{66E1BC00-8484-47D4-9943-DED18D09CACA} = {526D708B-A18D-453B-B5D8-0AB640886C13}
	EndGlobalSection
EndGlobal
